// !$*UTF8*$!
{
	archiveVersion = 1;
	classes = {
	};
	objectVersion = 55;
	objects = {

/* Begin PBXBuildFile section */
		7F230883284E3665004574B0 /* AppDelegate.swift in Sources */ = {isa = PBXBuildFile; fileRef = 7F230882284E3665004574B0 /* AppDelegate.swift */; };
		7F230885284E3665004574B0 /* SceneDelegate.swift in Sources */ = {isa = PBXBuildFile; fileRef = 7F230884284E3665004574B0 /* SceneDelegate.swift */; };
		7F230887284E3665004574B0 /* ViewController.swift in Sources */ = {isa = PBXBuildFile; fileRef = 7F230886284E3665004574B0 /* ViewController.swift */; };
		7F23088C284E3667004574B0 /* Assets.xcassets in Resources */ = {isa = PBXBuildFile; fileRef = 7F23088B284E3667004574B0 /* Assets.xcassets */; };
		7F23088F284E3667004574B0 /* LaunchScreen.storyboard in Resources */ = {isa = PBXBuildFile; fileRef = 7F23088D284E3667004574B0 /* LaunchScreen.storyboard */; };
		7F23089D284E3733004574B0 /* Then in Frameworks */ = {isa = PBXBuildFile; productRef = 7F23089C284E3733004574B0 /* Then */; };
		7F2308A1284E3750004574B0 /* SnapKit in Frameworks */ = {isa = PBXBuildFile; productRef = 7F2308A0284E3750004574B0 /* SnapKit */; };
		7F8821FD284E5CE600AFF571 /* Main.storyboard in Resources */ = {isa = PBXBuildFile; fileRef = 7F8821FC284E5CE600AFF571 /* Main.storyboard */; };
/* End PBXBuildFile section */

/* Begin PBXFileReference section */
		7F23087F284E3665004574B0 /* Risingcamp_week1.app */ = {isa = PBXFileReference; explicitFileType = wrapper.application; includeInIndex = 0; path = Risingcamp_week1.app; sourceTree = BUILT_PRODUCTS_DIR; };
		7F230882284E3665004574B0 /* AppDelegate.swift */ = {isa = PBXFileReference; lastKnownFileType = sourcecode.swift; path = AppDelegate.swift; sourceTree = "<group>"; };
		7F230884284E3665004574B0 /* SceneDelegate.swift */ = {isa = PBXFileReference; lastKnownFileType = sourcecode.swift; path = SceneDelegate.swift; sourceTree = "<group>"; };
		7F230886284E3665004574B0 /* ViewController.swift */ = {isa = PBXFileReference; lastKnownFileType = sourcecode.swift; path = ViewController.swift; sourceTree = "<group>"; };
		7F23088B284E3667004574B0 /* Assets.xcassets */ = {isa = PBXFileReference; lastKnownFileType = folder.assetcatalog; path = Assets.xcassets; sourceTree = "<group>"; };
		7F23088E284E3667004574B0 /* Base */ = {isa = PBXFileReference; lastKnownFileType = file.storyboard; name = Base; path = Base.lproj/LaunchScreen.storyboard; sourceTree = "<group>"; };
		7F230890284E3667004574B0 /* Info.plist */ = {isa = PBXFileReference; lastKnownFileType = text.plist.xml; path = Info.plist; sourceTree = "<group>"; };
		7F8821FC284E5CE600AFF571 /* Main.storyboard */ = {isa = PBXFileReference; fileEncoding = 4; lastKnownFileType = file.storyboard; path = Main.storyboard; sourceTree = "<group>"; };
/* End PBXFileReference section */

/* Begin PBXFrameworksBuildPhase section */
		7F23087C284E3665004574B0 /* Frameworks */ = {
			isa = PBXFrameworksBuildPhase;
			buildActionMask = 2147483647;
			files = (
				7F23089D284E3733004574B0 /* Then in Frameworks */,
				7F2308A1284E3750004574B0 /* SnapKit in Frameworks */,
			);
			runOnlyForDeploymentPostprocessing = 0;
		};
/* End PBXFrameworksBuildPhase section */

/* Begin PBXGroup section */
		7F230876284E3665004574B0 = {
			isa = PBXGroup;
			children = (
				7F230881284E3665004574B0 /* Risingcamp_week1 */,
				7F230880284E3665004574B0 /* Products */,
			);
			sourceTree = "<group>";
		};
		7F230880284E3665004574B0 /* Products */ = {
			isa = PBXGroup;
			children = (
				7F23087F284E3665004574B0 /* Risingcamp_week1.app */,
			);
			name = Products;
			sourceTree = "<group>";
		};
		7F230881284E3665004574B0 /* Risingcamp_week1 */ = {
			isa = PBXGroup;
			children = (
				7F23089A284E36E5004574B0 /* Utills */,
				7F230899284E36DE004574B0 /* ViewModel */,
				7F230898284E36D1004574B0 /* Controller */,
				7F230897284E36CB004574B0 /* View */,
				7F230896284E36C4004574B0 /* Model */,
				7F230890284E3667004574B0 /* Info.plist */,
			);
			path = Risingcamp_week1;
			sourceTree = "<group>";
		};
		7F230896284E36C4004574B0 /* Model */ = {
			isa = PBXGroup;
			children = (
			);
			path = Model;
			sourceTree = "<group>";
		};
		7F230897284E36CB004574B0 /* View */ = {
			isa = PBXGroup;
			children = (
				7F8821FC284E5CE600AFF571 /* Main.storyboard */,
				7F23088D284E3667004574B0 /* LaunchScreen.storyboard */,
				7F23088B284E3667004574B0 /* Assets.xcassets */,
			);
			path = View;
			sourceTree = "<group>";
		};
		7F230898284E36D1004574B0 /* Controller */ = {
			isa = PBXGroup;
			children = (
				7F230886284E3665004574B0 /* ViewController.swift */,
			);
			path = Controller;
			sourceTree = "<group>";
		};
		7F230899284E36DE004574B0 /* ViewModel */ = {
			isa = PBXGroup;
			children = (
			);
			path = ViewModel;
			sourceTree = "<group>";
		};
		7F23089A284E36E5004574B0 /* Utills */ = {
			isa = PBXGroup;
			children = (
				7F230884284E3665004574B0 /* SceneDelegate.swift */,
				7F230882284E3665004574B0 /* AppDelegate.swift */,
			);
			path = Utills;
			sourceTree = "<group>";
		};
/* End PBXGroup section */

/* Begin PBXNativeTarget section */
		7F23087E284E3665004574B0 /* Risingcamp_week1 */ = {
			isa = PBXNativeTarget;
			buildConfigurationList = 7F230893284E3667004574B0 /* Build configuration list for PBXNativeTarget "Risingcamp_week1" */;
			buildPhases = (
				7F23087B284E3665004574B0 /* Sources */,
				7F23087C284E3665004574B0 /* Frameworks */,
				7F23087D284E3665004574B0 /* Resources */,
			);
			buildRules = (
			);
			dependencies = (
			);
			name = Risingcamp_week1;
			packageProductDependencies = (
				7F23089C284E3733004574B0 /* Then */,
				7F2308A0284E3750004574B0 /* SnapKit */,
			);
			productName = Risingcamp_week1;
			productReference = 7F23087F284E3665004574B0 /* Risingcamp_week1.app */;
			productType = "com.apple.product-type.application";
		};
/* End PBXNativeTarget section */

/* Begin PBXProject section */
		7F230877284E3665004574B0 /* Project object */ = {
			isa = PBXProject;
			attributes = {
				BuildIndependentTargetsInParallel = 1;
				LastSwiftUpdateCheck = 1340;
				LastUpgradeCheck = 1340;
				TargetAttributes = {
					7F23087E284E3665004574B0 = {
						CreatedOnToolsVersion = 13.4.1;
					};
				};
			};
			buildConfigurationList = 7F23087A284E3665004574B0 /* Build configuration list for PBXProject "Risingcamp_week1" */;
			compatibilityVersion = "Xcode 13.0";
			developmentRegion = en;
			hasScannedForEncodings = 0;
			knownRegions = (
				en,
				Base,
			);
			mainGroup = 7F230876284E3665004574B0;
			packageReferences = (
				7F23089B284E3733004574B0 /* XCRemoteSwiftPackageReference "Then" */,
				7F23089F284E3750004574B0 /* XCRemoteSwiftPackageReference "SnapKit" */,
			);
			productRefGroup = 7F230880284E3665004574B0 /* Products */;
			projectDirPath = "";
			projectRoot = "";
			targets = (
				7F23087E284E3665004574B0 /* Risingcamp_week1 */,
			);
		};
/* End PBXProject section */

/* Begin PBXResourcesBuildPhase section */
		7F23087D284E3665004574B0 /* Resources */ = {
			isa = PBXResourcesBuildPhase;
			buildActionMask = 2147483647;
			files = (
				7F8821FD284E5CE600AFF571 /* Main.storyboard in Resources */,
				7F23088F284E3667004574B0 /* LaunchScreen.storyboard in Resources */,
				7F23088C284E3667004574B0 /* Assets.xcassets in Resources */,
			);
			runOnlyForDeploymentPostprocessing = 0;
		};
/* End PBXResourcesBuildPhase section */

/* Begin PBXSourcesBuildPhase section */
		7F23087B284E3665004574B0 /* Sources */ = {
			isa = PBXSourcesBuildPhase;
			buildActionMask = 2147483647;
			files = (
				7F230887284E3665004574B0 /* ViewController.swift in Sources */,
				7F230883284E3665004574B0 /* AppDelegate.swift in Sources */,
				7F230885284E3665004574B0 /* SceneDelegate.swift in Sources */,
			);
			runOnlyForDeploymentPostprocessing = 0;
		};
/* End PBXSourcesBuildPhase section */

/* Begin PBXVariantGroup section */
		7F23088D284E3667004574B0 /* LaunchScreen.storyboard */ = {
			isa = PBXVariantGroup;
			children = (
				7F23088E284E3667004574B0 /* Base */,
			);
			name = LaunchScreen.storyboard;
			sourceTree = "<group>";
		};
/* End PBXVariantGroup section */

/* Begin XCBuildConfiguration section */
		7F230891284E3667004574B0 /* Debug */ = {
			isa = XCBuildConfiguration;
			buildSettings = {
				ALWAYS_SEARCH_USER_PATHS = NO;
				CLANG_ANALYZER_NONNULL = YES;
				CLANG_ANALYZER_NUMBER_OBJECT_CONVERSION = YES_AGGRESSIVE;
				CLANG_CXX_LANGUAGE_STANDARD = "gnu++17";
				CLANG_ENABLE_MODULES = YES;
				CLANG_ENABLE_OBJC_ARC = YES;
				CLANG_ENABLE_OBJC_WEAK = YES;
				CLANG_WARN_BLOCK_CAPTURE_AUTORELEASING = YES;
				CLANG_WARN_BOOL_CONVERSION = YES;
				CLANG_WARN_COMMA = YES;
				CLANG_WARN_CONSTANT_CONVERSION = YES;
				CLANG_WARN_DEPRECATED_OBJC_IMPLEMENTATIONS = YES;
				CLANG_WARN_DIRECT_OBJC_ISA_USAGE = YES_ERROR;
				CLANG_WARN_DOCUMENTATION_COMMENTS = YES;
				CLANG_WARN_EMPTY_BODY = YES;
				CLANG_WARN_ENUM_CONVERSION = YES;
				CLANG_WARN_INFINITE_RECURSION = YES;
				CLANG_WARN_INT_CONVERSION = YES;
				CLANG_WARN_NON_LITERAL_NULL_CONVERSION = YES;
				CLANG_WARN_OBJC_IMPLICIT_RETAIN_SELF = YES;
				CLANG_WARN_OBJC_LITERAL_CONVERSION = YES;
				CLANG_WARN_OBJC_ROOT_CLASS = YES_ERROR;
				CLANG_WARN_QUOTED_INCLUDE_IN_FRAMEWORK_HEADER = YES;
				CLANG_WARN_RANGE_LOOP_ANALYSIS = YES;
				CLANG_WARN_STRICT_PROTOTYPES = YES;
				CLANG_WARN_SUSPICIOUS_MOVE = YES;
				CLANG_WARN_UNGUARDED_AVAILABILITY = YES_AGGRESSIVE;
				CLANG_WARN_UNREACHABLE_CODE = YES;
				CLANG_WARN__DUPLICATE_METHOD_MATCH = YES;
				COPY_PHASE_STRIP = NO;
				DEBUG_INFORMATION_FORMAT = dwarf;
				ENABLE_STRICT_OBJC_MSGSEND = YES;
				ENABLE_TESTABILITY = YES;
				GCC_C_LANGUAGE_STANDARD = gnu11;
				GCC_DYNAMIC_NO_PIC = NO;
				GCC_NO_COMMON_BLOCKS = YES;
				GCC_OPTIMIZATION_LEVEL = 0;
				GCC_PREPROCESSOR_DEFINITIONS = (
					"DEBUG=1",
					"$(inherited)",
				);
				GCC_WARN_64_TO_32_BIT_CONVERSION = YES;
				GCC_WARN_ABOUT_RETURN_TYPE = YES_ERROR;
				GCC_WARN_UNDECLARED_SELECTOR = YES;
				GCC_WARN_UNINITIALIZED_AUTOS = YES_AGGRESSIVE;
				GCC_WARN_UNUSED_FUNCTION = YES;
				GCC_WARN_UNUSED_VARIABLE = YES;
				IPHONEOS_DEPLOYMENT_TARGET = 15.5;
				MTL_ENABLE_DEBUG_INFO = INCLUDE_SOURCE;
				MTL_FAST_MATH = YES;
				ONLY_ACTIVE_ARCH = YES;
				SDKROOT = iphoneos;
				SWIFT_ACTIVE_COMPILATION_CONDITIONS = DEBUG;
				SWIFT_OPTIMIZATION_LEVEL = "-Onone";
			};
			name = Debug;
		};
		7F230892284E3667004574B0 /* Release */ = {
			isa = XCBuildConfiguration;
			buildSettings = {
				ALWAYS_SEARCH_USER_PATHS = NO;
				CLANG_ANALYZER_NONNULL = YES;
				CLANG_ANALYZER_NUMBER_OBJECT_CONVERSION = YES_AGGRESSIVE;
				CLANG_CXX_LANGUAGE_STANDARD = "gnu++17";
				CLANG_ENABLE_MODULES = YES;
				CLANG_ENABLE_OBJC_ARC = YES;
				CLANG_ENABLE_OBJC_WEAK = YES;
				CLANG_WARN_BLOCK_CAPTURE_AUTORELEASING = YES;
				CLANG_WARN_BOOL_CONVERSION = YES;
				CLANG_WARN_COMMA = YES;
				CLANG_WARN_CONSTANT_CONVERSION = YES;
				CLANG_WARN_DEPRECATED_OBJC_IMPLEMENTATIONS = YES;
				CLANG_WARN_DIRECT_OBJC_ISA_USAGE = YES_ERROR;
				CLANG_WARN_DOCUMENTATION_COMMENTS = YES;
				CLANG_WARN_EMPTY_BODY = YES;
				CLANG_WARN_ENUM_CONVERSION = YES;
				CLANG_WARN_INFINITE_RECURSION = YES;
				CLANG_WARN_INT_CONVERSION = YES;
				CLANG_WARN_NON_LITERAL_NULL_CONVERSION = YES;
				CLANG_WARN_OBJC_IMPLICIT_RETAIN_SELF = YES;
				CLANG_WARN_OBJC_LITERAL_CONVERSION = YES;
				CLANG_WARN_OBJC_ROOT_CLASS = YES_ERROR;
				CLANG_WARN_QUOTED_INCLUDE_IN_FRAMEWORK_HEADER = YES;
				CLANG_WARN_RANGE_LOOP_ANALYSIS = YES;
				CLANG_WARN_STRICT_PROTOTYPES = YES;
				CLANG_WARN_SUSPICIOUS_MOVE = YES;
				CLANG_WARN_UNGUARDED_AVAILABILITY = YES_AGGRESSIVE;
				CLANG_WARN_UNREACHABLE_CODE = YES;
				CLANG_WARN__DUPLICATE_METHOD_MATCH = YES;
				COPY_PHASE_STRIP = NO;
				DEBUG_INFORMATION_FORMAT = "dwarf-with-dsym";
				ENABLE_NS_ASSERTIONS = NO;
				ENABLE_STRICT_OBJC_MSGSEND = YES;
				GCC_C_LANGUAGE_STANDARD = gnu11;
				GCC_NO_COMMON_BLOCKS = YES;
				GCC_WARN_64_TO_32_BIT_CONVERSION = YES;
				GCC_WARN_ABOUT_RETURN_TYPE = YES_ERROR;
				GCC_WARN_UNDECLARED_SELECTOR = YES;
				GCC_WARN_UNINITIALIZED_AUTOS = YES_AGGRESSIVE;
				GCC_WARN_UNUSED_FUNCTION = YES;
				GCC_WARN_UNUSED_VARIABLE = YES;
				IPHONEOS_DEPLOYMENT_TARGET = 15.5;
				MTL_ENABLE_DEBUG_INFO = NO;
				MTL_FAST_MATH = YES;
				SDKROOT = iphoneos;
				SWIFT_COMPILATION_MODE = wholemodule;
				SWIFT_OPTIMIZATION_LEVEL = "-O";
				VALIDATE_PRODUCT = YES;
			};
			name = Release;
		};
		7F230894284E3667004574B0 /* Debug */ = {
			isa = XCBuildConfiguration;
			buildSettings = {
				ASSETCATALOG_COMPILER_APPICON_NAME = AppIcon;
				ASSETCATALOG_COMPILER_GLOBAL_ACCENT_COLOR_NAME = AccentColor;
				CODE_SIGN_STYLE = Automatic;
				CURRENT_PROJECT_VERSION = 1;
				DEVELOPMENT_TEAM = N94CS4N6VR;
				GENERATE_INFOPLIST_FILE = YES;
				INFOPLIST_FILE = Risingcamp_week1/Info.plist;
				INFOPLIST_KEY_UIApplicationSupportsIndirectInputEvents = YES;
				INFOPLIST_KEY_UILaunchStoryboardName = LaunchScreen;
				INFOPLIST_KEY_UIMainStoryboardFile = Main;
				INFOPLIST_KEY_UISupportedInterfaceOrientations_iPad = "UIInterfaceOrientationPortrait UIInterfaceOrientationPortraitUpsideDown UIInterfaceOrientationLandscapeLeft UIInterfaceOrientationLandscapeRight";
				INFOPLIST_KEY_UISupportedInterfaceOrientations_iPhone = "UIInterfaceOrientationPortrait UIInterfaceOrientationLandscapeLeft UIInterfaceOrientationLandscapeRight";
				LD_RUNPATH_SEARCH_PATHS = (
					"$(inherited)",
					"@executable_path/Frameworks",
				);
				MARKETING_VERSION = 1.0;
				PRODUCT_BUNDLE_IDENTIFIER = "Roy.com.Risingcamp-week1";
				PRODUCT_NAME = "$(TARGET_NAME)";
				SWIFT_EMIT_LOC_STRINGS = YES;
				SWIFT_VERSION = 5.0;
				TARGETED_DEVICE_FAMILY = "1,2";
			};
			name = Debug;
		};
		7F230895284E3667004574B0 /* Release */ = {
			isa = XCBuildConfiguration;
			buildSettings = {
				ASSETCATALOG_COMPILER_APPICON_NAME = AppIcon;
				ASSETCATALOG_COMPILER_GLOBAL_ACCENT_COLOR_NAME = AccentColor;
				CODE_SIGN_STYLE = Automatic;
				CURRENT_PROJECT_VERSION = 1;
				DEVELOPMENT_TEAM = N94CS4N6VR;
				GENERATE_INFOPLIST_FILE = YES;
				INFOPLIST_FILE = Risingcamp_week1/Info.plist;
				INFOPLIST_KEY_UIApplicationSupportsIndirectInputEvents = YES;
				INFOPLIST_KEY_UILaunchStoryboardName = LaunchScreen;
				INFOPLIST_KEY_UIMainStoryboardFile = Main;
				INFOPLIST_KEY_UISupportedInterfaceOrientations_iPad = "UIInterfaceOrientationPortrait UIInterfaceOrientationPortraitUpsideDown UIInterfaceOrientationLandscapeLeft UIInterfaceOrientationLandscapeRight";
				INFOPLIST_KEY_UISupportedInterfaceOrientations_iPhone = "UIInterfaceOrientationPortrait UIInterfaceOrientationLandscapeLeft UIInterfaceOrientationLandscapeRight";
				LD_RUNPATH_SEARCH_PATHS = (
					"$(inherited)",
					"@executable_path/Frameworks",
				);
				MARKETING_VERSION = 1.0;
				PRODUCT_BUNDLE_IDENTIFIER = "Roy.com.Risingcamp-week1";
				PRODUCT_NAME = "$(TARGET_NAME)";
				SWIFT_EMIT_LOC_STRINGS = YES;
				SWIFT_VERSION = 5.0;
				TARGETED_DEVICE_FAMILY = "1,2";
			};
			name = Release;
		};
/* End XCBuildConfiguration section */

/* Begin XCConfigurationList section */
		7F23087A284E3665004574B0 /* Build configuration list for PBXProject "Risingcamp_week1" */ = {
			isa = XCConfigurationList;
			buildConfigurations = (
				7F230891284E3667004574B0 /* Debug */,
				7F230892284E3667004574B0 /* Release */,
			);
			defaultConfigurationIsVisible = 0;
			defaultConfigurationName = Release;
		};
		7F230893284E3667004574B0 /* Build configuration list for PBXNativeTarget "Risingcamp_week1" */ = {
			isa = XCConfigurationList;
			buildConfigurations = (
				7F230894284E3667004574B0 /* Debug */,
				7F230895284E3667004574B0 /* Release */,
			);
			defaultConfigurationIsVisible = 0;
			defaultConfigurationName = Release;
		};
/* End XCConfigurationList section */

/* Begin XCRemoteSwiftPackageReference section */
		7F23089B284E3733004574B0 /* XCRemoteSwiftPackageReference "Then" */ = {
			isa = XCRemoteSwiftPackageReference;
			repositoryURL = "https://github.com/Roy-wonji/Then";
			requirement = {
				kind = upToNextMajorVersion;
				minimumVersion = 2.0.0;
			};
		};
		7F23089F284E3750004574B0 /* XCRemoteSwiftPackageReference "SnapKit" */ = {
			isa = XCRemoteSwiftPackageReference;
			repositoryURL = "https://github.com/SnapKit/SnapKit";
			requirement = {
				branch = develop;
				kind = branch;
			};
		};
/* End XCRemoteSwiftPackageReference section */

/* Begin XCSwiftPackageProductDependency section */
		7F23089C284E3733004574B0 /* Then */ = {
			isa = XCSwiftPackageProductDependency;
			package = 7F23089B284E3733004574B0 /* XCRemoteSwiftPackageReference "Then" */;
			productName = Then;
		};
		7F2308A0284E3750004574B0 /* SnapKit */ = {
			isa = XCSwiftPackageProductDependency;
			package = 7F23089F284E3750004574B0 /* XCRemoteSwiftPackageReference "SnapKit" */;
			productName = SnapKit;
		};
/* End XCSwiftPackageProductDependency section */
	};
	rootObject = 7F230877284E3665004574B0 /* Project object */;
}
